// !$*UTF8*$!
{
	archiveVersion = 1;
	classes = {
	};
	objectVersion = 46;
	objects = {

/* Begin PBXBuildFile section */
		841178E51D87C81000CAD593 /* TabBarController.swift in Sources */ = {isa = PBXBuildFile; fileRef = 841178E41D87C81000CAD593 /* TabBarController.swift */; };
		841178E71D87D5EC00CAD593 /* MapViewController.swift in Sources */ = {isa = PBXBuildFile; fileRef = 841178E61D87D5EC00CAD593 /* MapViewController.swift */; };
		841178E91D87D74500CAD593 /* ListViewController.swift in Sources */ = {isa = PBXBuildFile; fileRef = 841178E81D87D74500CAD593 /* ListViewController.swift */; };
		842073211D881A5F00CE9385 /* Constants.swift in Sources */ = {isa = PBXBuildFile; fileRef = 842073201D881A5F00CE9385 /* Constants.swift */; };
		842073231D88203400CE9385 /* MapPin.swift in Sources */ = {isa = PBXBuildFile; fileRef = 842073221D88203400CE9385 /* MapPin.swift */; };
		842073251D8823A100CE9385 /* Parser.swift in Sources */ = {isa = PBXBuildFile; fileRef = 842073241D8823A100CE9385 /* Parser.swift */; };
		845E7B311D86C4EF007F2AF5 /* API.swift in Sources */ = {isa = PBXBuildFile; fileRef = 845E7B301D86C4EF007F2AF5 /* API.swift */; };
		84D2F7541D8657F600032DFA /* AppDelegate.swift in Sources */ = {isa = PBXBuildFile; fileRef = 84D2F7531D8657F600032DFA /* AppDelegate.swift */; };
		84D2F7561D8657F600032DFA /* LoginViewController.swift in Sources */ = {isa = PBXBuildFile; fileRef = 84D2F7551D8657F600032DFA /* LoginViewController.swift */; };
		84D2F7591D8657F600032DFA /* Main.storyboard in Resources */ = {isa = PBXBuildFile; fileRef = 84D2F7571D8657F600032DFA /* Main.storyboard */; };
		84D2F75B1D8657F600032DFA /* Assets.xcassets in Resources */ = {isa = PBXBuildFile; fileRef = 84D2F75A1D8657F600032DFA /* Assets.xcassets */; };
		84D2F75E1D8657F600032DFA /* LaunchScreen.storyboard in Resources */ = {isa = PBXBuildFile; fileRef = 84D2F75C1D8657F600032DFA /* LaunchScreen.storyboard */; };
		84F780D01D8B739700FC9943 /* LocationViewController.swift in Sources */ = {isa = PBXBuildFile; fileRef = 84F780CF1D8B739700FC9943 /* LocationViewController.swift */; };
/* End PBXBuildFile section */

/* Begin PBXFileReference section */
		841178E41D87C81000CAD593 /* TabBarController.swift */ = {isa = PBXFileReference; fileEncoding = 4; lastKnownFileType = sourcecode.swift; path = TabBarController.swift; sourceTree = "<group>"; };
		841178E61D87D5EC00CAD593 /* MapViewController.swift */ = {isa = PBXFileReference; fileEncoding = 4; lastKnownFileType = sourcecode.swift; path = MapViewController.swift; sourceTree = "<group>"; };
		841178E81D87D74500CAD593 /* ListViewController.swift */ = {isa = PBXFileReference; fileEncoding = 4; lastKnownFileType = sourcecode.swift; path = ListViewController.swift; sourceTree = "<group>"; };
		842073201D881A5F00CE9385 /* Constants.swift */ = {isa = PBXFileReference; fileEncoding = 4; lastKnownFileType = sourcecode.swift; path = Constants.swift; sourceTree = "<group>"; };
		842073221D88203400CE9385 /* MapPin.swift */ = {isa = PBXFileReference; fileEncoding = 4; lastKnownFileType = sourcecode.swift; path = MapPin.swift; sourceTree = "<group>"; };
		842073241D8823A100CE9385 /* Parser.swift */ = {isa = PBXFileReference; fileEncoding = 4; lastKnownFileType = sourcecode.swift; path = Parser.swift; sourceTree = "<group>"; };
		845E7B301D86C4EF007F2AF5 /* API.swift */ = {isa = PBXFileReference; fileEncoding = 4; lastKnownFileType = sourcecode.swift; path = API.swift; sourceTree = "<group>"; };
		84D2F7501D8657F600032DFA /* On the Map.app */ = {isa = PBXFileReference; explicitFileType = wrapper.application; includeInIndex = 0; path = "On the Map.app"; sourceTree = BUILT_PRODUCTS_DIR; };
		84D2F7531D8657F600032DFA /* AppDelegate.swift */ = {isa = PBXFileReference; lastKnownFileType = sourcecode.swift; path = AppDelegate.swift; sourceTree = "<group>"; };
		84D2F7551D8657F600032DFA /* LoginViewController.swift */ = {isa = PBXFileReference; lastKnownFileType = sourcecode.swift; path = LoginViewController.swift; sourceTree = "<group>"; };
		84D2F7581D8657F600032DFA /* Base */ = {isa = PBXFileReference; lastKnownFileType = file.storyboard; name = Base; path = Base.lproj/Main.storyboard; sourceTree = "<group>"; };
		84D2F75A1D8657F600032DFA /* Assets.xcassets */ = {isa = PBXFileReference; lastKnownFileType = folder.assetcatalog; path = Assets.xcassets; sourceTree = "<group>"; };
		84D2F75D1D8657F600032DFA /* Base */ = {isa = PBXFileReference; lastKnownFileType = file.storyboard; name = Base; path = Base.lproj/LaunchScreen.storyboard; sourceTree = "<group>"; };
		84D2F75F1D8657F600032DFA /* Info.plist */ = {isa = PBXFileReference; lastKnownFileType = text.plist.xml; path = Info.plist; sourceTree = "<group>"; };
		84F780CF1D8B739700FC9943 /* LocationViewController.swift */ = {isa = PBXFileReference; fileEncoding = 4; lastKnownFileType = sourcecode.swift; path = LocationViewController.swift; sourceTree = "<group>"; };
/* End PBXFileReference section */

/* Begin PBXFrameworksBuildPhase section */
		84D2F74D1D8657F600032DFA /* Frameworks */ = {
			isa = PBXFrameworksBuildPhase;
			buildActionMask = 2147483647;
			files = (
			);
			runOnlyForDeploymentPostprocessing = 0;
		};
/* End PBXFrameworksBuildPhase section */

/* Begin PBXGroup section */
		84D2F7471D8657F600032DFA = {
			isa = PBXGroup;
			children = (
				84D2F7521D8657F600032DFA /* On the Map */,
				84D2F7511D8657F600032DFA /* Products */,
			);
			sourceTree = "<group>";
		};
		84D2F7511D8657F600032DFA /* Products */ = {
			isa = PBXGroup;
			children = (
				84D2F7501D8657F600032DFA /* On the Map.app */,
			);
			name = Products;
			sourceTree = "<group>";
		};
		84D2F7521D8657F600032DFA /* On the Map */ = {
			isa = PBXGroup;
			children = (
				845E7B301D86C4EF007F2AF5 /* API.swift */,
				842073241D8823A100CE9385 /* Parser.swift */,
				842073221D88203400CE9385 /* MapPin.swift */,
				842073201D881A5F00CE9385 /* Constants.swift */,
				84D2F7531D8657F600032DFA /* AppDelegate.swift */,
				841178E41D87C81000CAD593 /* TabBarController.swift */,
				841178E81D87D74500CAD593 /* ListViewController.swift */,
				841178E61D87D5EC00CAD593 /* MapViewController.swift */,
				84D2F7551D8657F600032DFA /* LoginViewController.swift */,
				84F780CF1D8B739700FC9943 /* LocationViewController.swift */,
				84D2F7571D8657F600032DFA /* Main.storyboard */,
				84D2F75A1D8657F600032DFA /* Assets.xcassets */,
				84D2F75C1D8657F600032DFA /* LaunchScreen.storyboard */,
				84D2F75F1D8657F600032DFA /* Info.plist */,
			);
			path = "On the Map";
			sourceTree = "<group>";
		};
/* End PBXGroup section */

/* Begin PBXNativeTarget section */
		84D2F74F1D8657F600032DFA /* On the Map */ = {
			isa = PBXNativeTarget;
			buildConfigurationList = 84D2F7621D8657F600032DFA /* Build configuration list for PBXNativeTarget "On the Map" */;
			buildPhases = (
				84D2F74C1D8657F600032DFA /* Sources */,
				84D2F74D1D8657F600032DFA /* Frameworks */,
				84D2F74E1D8657F600032DFA /* Resources */,
			);
			buildRules = (
			);
			dependencies = (
			);
			name = "On the Map";
			productName = "On the Map";
			productReference = 84D2F7501D8657F600032DFA /* On the Map.app */;
			productType = "com.apple.product-type.application";
		};
/* End PBXNativeTarget section */

/* Begin PBXProject section */
		84D2F7481D8657F600032DFA /* Project object */ = {
			isa = PBXProject;
			attributes = {
				LastSwiftUpdateCheck = 0730;
				LastUpgradeCheck = 0730;
				ORGANIZATIONNAME = "Aayush Kapoor";
				TargetAttributes = {
					84D2F74F1D8657F600032DFA = {
						CreatedOnToolsVersion = 7.3.1;
					};
				};
			};
			buildConfigurationList = 84D2F74B1D8657F600032DFA /* Build configuration list for PBXProject "On the Map" */;
			compatibilityVersion = "Xcode 3.2";
			developmentRegion = English;
			hasScannedForEncodings = 0;
			knownRegions = (
				en,
				Base,
			);
			mainGroup = 84D2F7471D8657F600032DFA;
			productRefGroup = 84D2F7511D8657F600032DFA /* Products */;
			projectDirPath = "";
			projectRoot = "";
			targets = (
				84D2F74F1D8657F600032DFA /* On the Map */,
			);
		};
/* End PBXProject section */

/* Begin PBXResourcesBuildPhase section */
		84D2F74E1D8657F600032DFA /* Resources */ = {
			isa = PBXResourcesBuildPhase;
			buildActionMask = 2147483647;
			files = (
				84D2F75E1D8657F600032DFA /* LaunchScreen.storyboard in Resources */,
				84D2F75B1D8657F600032DFA /* Assets.xcassets in Resources */,
				84D2F7591D8657F600032DFA /* Main.storyboard in Resources */,
			);
			runOnlyForDeploymentPostprocessing = 0;
		};
/* End PBXResourcesBuildPhase section */

/* Begin PBXSourcesBuildPhase section */
		84D2F74C1D8657F600032DFA /* Sources */ = {
			isa = PBXSourcesBuildPhase;
			buildActionMask = 2147483647;
			files = (
				84D2F7561D8657F600032DFA /* LoginViewController.swift in Sources */,
				841178E51D87C81000CAD593 /* TabBarController.swift in Sources */,
				841178E91D87D74500CAD593 /* ListViewController.swift in Sources */,
				845E7B311D86C4EF007F2AF5 /* API.swift in Sources */,
				842073231D88203400CE9385 /* MapPin.swift in Sources */,
				84F780D01D8B739700FC9943 /* LocationViewController.swift in Sources */,
				842073251D8823A100CE9385 /* Parser.swift in Sources */,
				842073211D881A5F00CE9385 /* Constants.swift in Sources */,
				841178E71D87D5EC00CAD593 /* MapViewController.swift in Sources */,
				84D2F7541D8657F600032DFA /* AppDelegate.swift in Sources */,
			);
			runOnlyForDeploymentPostprocessing = 0;
		};
/* End PBXSourcesBuildPhase section */

/* Begin PBXVariantGroup section */
		84D2F7571D8657F600032DFA /* Main.storyboard */ = {
			isa = PBXVariantGroup;
			children = (
				84D2F7581D8657F600032DFA /* Base */,
			);
			name = Main.storyboard;
			sourceTree = "<group>";
		};
		84D2F75C1D8657F600032DFA /* LaunchScreen.storyboard */ = {
			isa = PBXVariantGroup;
			children = (
				84D2F75D1D8657F600032DFA /* Base */,
			);
			name = LaunchScreen.storyboard;
			sourceTree = "<group>";
		};
/* End PBXVariantGroup section */

/* Begin XCBuildConfiguration section */
		84D2F7601D8657F600032DFA /* Debug */ = {
			isa = XCBuildConfiguration;
			buildSettings = {
				ALWAYS_SEARCH_USER_PATHS = NO;
				CLANG_ANALYZER_NONNULL = YES;
				CLANG_CXX_LANGUAGE_STANDARD = "gnu++0x";
				CLANG_CXX_LIBRARY = "libc++";
				CLANG_ENABLE_MODULES = YES;
				CLANG_ENABLE_OBJC_ARC = YES;
				CLANG_WARN_BOOL_CONVERSION = YES;
				CLANG_WARN_CONSTANT_CONVERSION = YES;
				CLANG_WARN_DIRECT_OBJC_ISA_USAGE = YES_ERROR;
				CLANG_WARN_EMPTY_BODY = YES;
				CLANG_WARN_ENUM_CONVERSION = YES;
				CLANG_WARN_INT_CONVERSION = YES;
				CLANG_WARN_OBJC_ROOT_CLASS = YES_ERROR;
				CLANG_WARN_UNREACHABLE_CODE = YES;
				CLANG_WARN__DUPLICATE_METHOD_MATCH = YES;
				"CODE_SIGN_IDENTITY[sdk=iphoneos*]" = "iPhone Developer";
				COPY_PHASE_STRIP = NO;
				DEBUG_INFORMATION_FORMAT = dwarf;
				ENABLE_STRICT_OBJC_MSGSEND = YES;
				ENABLE_TESTABILITY = YES;
				GCC_C_LANGUAGE_STANDARD = gnu99;
				GCC_DYNAMIC_NO_PIC = NO;
				GCC_NO_COMMON_BLOCKS = YES;
				GCC_OPTIMIZATION_LEVEL = 0;
				GCC_PREPROCESSOR_DEFINITIONS = (
					"DEBUG=1",
					"$(inherited)",
				);
				GCC_WARN_64_TO_32_BIT_CONVERSION = YES;
				GCC_WARN_ABOUT_RETURN_TYPE = YES_ERROR;
				GCC_WARN_UNDECLARED_SELECTOR = YES;
				GCC_WARN_UNINITIALIZED_AUTOS = YES_AGGRESSIVE;
				GCC_WARN_UNUSED_FUNCTION = YES;
				GCC_WARN_UNUSED_VARIABLE = YES;
				IPHONEOS_DEPLOYMENT_TARGET = 9.3;
				MTL_ENABLE_DEBUG_INFO = YES;
				ONLY_ACTIVE_ARCH = YES;
				SDKROOT = iphoneos;
				SWIFT_OPTIMIZATION_LEVEL = "-Onone";
				TARGETED_DEVICE_FAMILY = "1,2";
			};
			name = Debug;
		};
		84D2F7611D8657F600032DFA /* Release */ = {
			isa = XCBuildConfiguration;
			buildSettings = {
				ALWAYS_SEARCH_USER_PATHS = NO;
				CLANG_ANALYZER_NONNULL = YES;
				CLANG_CXX_LANGUAGE_STANDARD = "gnu++0x";
				CLANG_CXX_LIBRARY = "libc++";
				CLANG_ENABLE_MODULES = YES;
				CLANG_ENABLE_OBJC_ARC = YES;
				CLANG_WARN_BOOL_CONVERSION = YES;
				CLANG_WARN_CONSTANT_CONVERSION = YES;
				CLANG_WARN_DIRECT_OBJC_ISA_USAGE = YES_ERROR;
				CLANG_WARN_EMPTY_BODY = YES;
				CLANG_WARN_ENUM_CONVERSION = YES;
				CLANG_WARN_INT_CONVERSION = YES;
				CLANG_WARN_OBJC_ROOT_CLASS = YES_ERROR;
				CLANG_WARN_UNREACHABLE_CODE = YES;
				CLANG_WARN__DUPLICATE_METHOD_MATCH = YES;
				"CODE_SIGN_IDENTITY[sdk=iphoneos*]" = "iPhone Developer";
				COPY_PHASE_STRIP = NO;
				DEBUG_INFORMATION_FORMAT = "dwarf-with-dsym";
				ENABLE_NS_ASSERTIONS = NO;
				ENABLE_STRICT_OBJC_MSGSEND = YES;
				GCC_C_LANGUAGE_STANDARD = gnu99;
				GCC_NO_COMMON_BLOCKS = YES;
				GCC_WARN_64_TO_32_BIT_CONVERSION = YES;
				GCC_WARN_ABOUT_RETURN_TYPE = YES_ERROR;
				GCC_WARN_UNDECLARED_SELECTOR = YES;
				GCC_WARN_UNINITIALIZED_AUTOS = YES_AGGRESSIVE;
				GCC_WARN_UNUSED_FUNCTION = YES;
				GCC_WARN_UNUSED_VARIABLE = YES;
				IPHONEOS_DEPLOYMENT_TARGET = 9.3;
				MTL_ENABLE_DEBUG_INFO = NO;
				SDKROOT = iphoneos;
				TARGETED_DEVICE_FAMILY = "1,2";
				VALIDATE_PRODUCT = YES;
			};
			name = Release;
		};
		84D2F7631D8657F600032DFA /* Debug */ = {
			isa = XCBuildConfiguration;
			buildSettings = {
				ASSETCATALOG_COMPILER_APPICON_NAME = AppIcon;
				INFOPLIST_FILE = "On the Map/Info.plist";
				LD_RUNPATH_SEARCH_PATHS = "$(inherited) @executable_path/Frameworks";
				PRODUCT_BUNDLE_IDENTIFIER = "com.xeoneux.On-the-Map";
				PRODUCT_NAME = "$(TARGET_NAME)";
			};
			name = Debug;
		};
		84D2F7641D8657F600032DFA /* Release */ = {
			isa = XCBuildConfiguration;
			buildSettings = {
				ASSETCATALOG_COMPILER_APPICON_NAME = AppIcon;
				INFOPLIST_FILE = "On the Map/Info.plist";
				LD_RUNPATH_SEARCH_PATHS = "$(inherited) @executable_path/Frameworks";
				PRODUCT_BUNDLE_IDENTIFIER = "com.xeoneux.On-the-Map";
				PRODUCT_NAME = "$(TARGET_NAME)";
			};
			name = Release;
		};
/* End XCBuildConfiguration section */

/* Begin XCConfigurationList section */
		84D2F74B1D8657F600032DFA /* Build configuration list for PBXProject "On the Map" */ = {
			isa = XCConfigurationList;
			buildConfigurations = (
				84D2F7601D8657F600032DFA /* Debug */,
				84D2F7611D8657F600032DFA /* Release */,
			);
			defaultConfigurationIsVisible = 0;
			defaultConfigurationName = Release;
		};
		84D2F7621D8657F600032DFA /* Build configuration list for PBXNativeTarget "On the Map" */ = {
			isa = XCConfigurationList;
			buildConfigurations = (
				84D2F7631D8657F600032DFA /* Debug */,
				84D2F7641D8657F600032DFA /* Release */,
			);
			defaultConfigurationIsVisible = 0;
			defaultConfigurationName = Release;
		};
/* End XCConfigurationList section */
	};
	rootObject = 84D2F7481D8657F600032DFA /* Project object */;
}
